// !$*UTF8*$!
{
	archiveVersion = 1;
	classes = {
	};
	objectVersion = 70;
	objects = {

/* Begin PBXBuildFile section */
		8F8F00782E8ACB4600A4BDAF /* WearablesViewModel.swift in Sources */ = {isa = PBXBuildFile; fileRef = 8F8F00772E8ACB4500A4BDAF /* WearablesViewModel.swift */; };
		8FD96B7F2E6F0A9800F56AB1 /* GlassifAIApp.swift in Sources */ = {isa = PBXBuildFile; fileRef = 8FD96B792E6F0A9800F56AB1 /* GlassifAIApp.swift */; };
		8FD96B812E6F0A9800F56AB1 /* HomeScreenView.swift in Sources */ = {isa = PBXBuildFile; fileRef = 8FD96B722E6F0A9800F56AB1 /* HomeScreenView.swift */; };
		8FD96B872E6F0A9800F56AB1 /* StreamSessionViewModel.swift in Sources */ = {isa = PBXBuildFile; fileRef = 8FD96B6F2E6F0A9800F56AB1 /* StreamSessionViewModel.swift */; };
		8FD96B882E6F0A9800F56AB1 /* StreamSessionView.swift in Sources */ = {isa = PBXBuildFile; fileRef = 8FD96B752E6F0A9800F56AB1 /* StreamSessionView.swift */; };
		8FD96B8D2E6F0A9800F56AB1 /* Assets.xcassets in Resources */ = {isa = PBXBuildFile; fileRef = 8FD96B772E6F0A9800F56AB1 /* Assets.xcassets */; };
		8FD96B952E6F0F7D00F56AB1 /* MWDATCore in Frameworks */ = {isa = PBXBuildFile; productRef = 8FD96B942E6F0F7D00F56AB1 /* MWDATCore */; };
		8FD96B952E6F0F7D00F56AB2 /* MWDATCamera in Frameworks */ = {isa = PBXBuildFile; productRef = 8FD96B942E6F0F7D00F56AB2 /* MWDATCamera */; };
		8FFD60542E849D0D0035E446 /* RegistrationView.swift in Sources */ = {isa = PBXBuildFile; fileRef = 8FFD60532E849D0D0035E446 /* RegistrationView.swift */; };
		9DD6CC002F4A000000ED7098 /* VideoDecoder.swift in Sources */ = {isa = PBXBuildFile; fileRef = 9DD6CBFF2F4A000000ED7098 /* VideoDecoder.swift */; };
		9DD894B22F4047630090B9B9 /* CaptureSource.swift in Sources */ = {isa = PBXBuildFile; fileRef = 9DD894AF2F4047630090B9B9 /* CaptureSource.swift */; };
		9DD894B32F4047630090B9B9 /* SettingsView.swift in Sources */ = {isa = PBXBuildFile; fileRef = 9DD894B02F4047630090B9B9 /* SettingsView.swift */; };
		BB20CAFE0000000000000001 /* LiveKitWebRTC in Frameworks */ = {isa = PBXBuildFile; productRef = BB20CAFE0000000000000002 /* LiveKitWebRTC */; };
		CC30CAFE0000000000000001 /* GlassifAICodex.xcframework in Frameworks */ = {isa = PBXBuildFile; fileRef = CC30CAFE0000000000000002 /* GlassifAICodex.xcframework */; };
		DD40CAFE0000000000000001 /* MWDATMockDevice in Frameworks */ = {isa = PBXBuildFile; productRef = DD40CAFE0000000000000002 /* MWDATMockDevice */; };
/* End PBXBuildFile section */

/* Begin PBXContainerItemProxy section */
		E699CC992E8150670052C240 /* PBXContainerItemProxy */ = {
			isa = PBXContainerItemProxy;
			containerPortal = CCCCCCCCCCCCCCCCCCCCCC /* Project object */;
			proxyType = 1;
			remoteGlobalIDString = 8A8A8A8A8A8A8A8A8A8A8A8A;
			remoteInfo = GlassifAI;
		};
/* End PBXContainerItemProxy section */

/* Begin PBXCopyFilesBuildPhase section */
		8FD96B932E6F0C6E00F56AB1 /* Embed Frameworks */ = {
			isa = PBXCopyFilesBuildPhase;
			buildActionMask = 2147483647;
			dstPath = "";
			dstSubfolderSpec = 10;
			files = (
			);
			name = "Embed Frameworks";
			runOnlyForDeploymentPostprocessing = 0;
		};
/* End PBXCopyFilesBuildPhase section */

/* Begin PBXFileReference section */
		3A3A3A3A3A3A3A3A3A3A3A3A /* GlassifAI.app */ = {isa = PBXFileReference; explicitFileType = wrapper.application; includeInIndex = 0; path = GlassifAI.app; sourceTree = BUILT_PRODUCTS_DIR; };
		8F8F00772E8ACB4500A4BDAF /* WearablesViewModel.swift */ = {isa = PBXFileReference; lastKnownFileType = sourcecode.swift; path = WearablesViewModel.swift; sourceTree = "<group>"; };
		8FD96B6F2E6F0A9800F56AB1 /* StreamSessionViewModel.swift */ = {isa = PBXFileReference; lastKnownFileType = sourcecode.swift; path = StreamSessionViewModel.swift; sourceTree = "<group>"; };
		8FD96B722E6F0A9800F56AB1 /* HomeScreenView.swift */ = {isa = PBXFileReference; lastKnownFileType = sourcecode.swift; path = HomeScreenView.swift; sourceTree = "<group>"; };
		8FD96B752E6F0A9800F56AB1 /* StreamSessionView.swift */ = {isa = PBXFileReference; lastKnownFileType = sourcecode.swift; path = StreamSessionView.swift; sourceTree = "<group>"; };
		8FD96B772E6F0A9800F56AB1 /* Assets.xcassets */ = {isa = PBXFileReference; lastKnownFileType = folder.assetcatalog; path = Assets.xcassets; sourceTree = "<group>"; };
		8FD96B782E6F0A9800F56AB1 /* GlassifAI.entitlements */ = {isa = PBXFileReference; lastKnownFileType = text.plist.entitlements; path = GlassifAI.entitlements; sourceTree = "<group>"; };
		8FD96B792E6F0A9800F56AB1 /* GlassifAIApp.swift */ = {isa = PBXFileReference; lastKnownFileType = sourcecode.swift; path = GlassifAIApp.swift; sourceTree = "<group>"; };
		8FD96B7B2E6F0A9800F56AB1 /* Info.plist */ = {isa = PBXFileReference; lastKnownFileType = text.plist.xml; path = Info.plist; sourceTree = "<group>"; };
		8FFD60532E849D0D0035E446 /* RegistrationView.swift */ = {isa = PBXFileReference; lastKnownFileType = sourcecode.swift; path = RegistrationView.swift; sourceTree = "<group>"; };
		9DD6CBFF2F4A000000ED7098 /* VideoDecoder.swift */ = {isa = PBXFileReference; lastKnownFileType = sourcecode.swift; path = VideoDecoder.swift; sourceTree = "<group>"; };
		9DD894AF2F4047630090B9B9 /* CaptureSource.swift */ = {isa = PBXFileReference; lastKnownFileType = sourcecode.swift; path = CaptureSource.swift; sourceTree = "<group>"; };
		9DD894B02F4047630090B9B9 /* SettingsView.swift */ = {isa = PBXFileReference; lastKnownFileType = sourcecode.swift; path = SettingsView.swift; sourceTree = "<group>"; };
		CC30CAFE0000000000000002 /* GlassifAICodex.xcframework */ = {isa = PBXFileReference; lastKnownFileType = wrapper.xcframework; name = GlassifAICodex.xcframework; path = Frameworks/GlassifAICodex.xcframework; sourceTree = SOURCE_ROOT; };
		E699CC952E8150670052C240 /* GlassifAITests.xctest */ = {isa = PBXFileReference; explicitFileType = wrapper.cfbundle; includeInIndex = 0; path = GlassifAITests.xctest; sourceTree = BUILT_PRODUCTS_DIR; };
/* End PBXFileReference section */

/* Begin PBXFileSystemSynchronizedRootGroup section */
		9D85EB992F35EC46006C44D1 /* Runtime */ = {isa = PBXFileSystemSynchronizedRootGroup; explicitFileTypes = {}; explicitFolders = (); name = Runtime; path = GlassifAI/Runtime; sourceTree = SOURCE_ROOT; };
		E699CC962E8150670052C240 /* GlassifAITests */ = {isa = PBXFileSystemSynchronizedRootGroup; explicitFileTypes = {}; explicitFolders = (); path = GlassifAITests; sourceTree = "<group>"; };
/* End PBXFileSystemSynchronizedRootGroup section */

/* Begin PBXFrameworksBuildPhase section */
		4A4A4A4A4A4A4A4A4A4A4A4A /* Frameworks */ = {
			isa = PBXFrameworksBuildPhase;
			buildActionMask = 2147483647;
			files = (
				8FD96B952E6F0F7D00F56AB1 /* MWDATCore in Frameworks */,
				8FD96B952E6F0F7D00F56AB2 /* MWDATCamera in Frameworks */,
				BB20CAFE0000000000000001 /* LiveKitWebRTC in Frameworks */,
				CC30CAFE0000000000000001 /* GlassifAICodex.xcframework in Frameworks */,
			);
			runOnlyForDeploymentPostprocessing = 0;
		};
		DD40CAFE0000000000000003 /* Frameworks */ = {
			isa = PBXFrameworksBuildPhase;
			buildActionMask = 2147483647;
			files = (
				DD40CAFE0000000000000001 /* MWDATMockDevice in Frameworks */,
			);
			runOnlyForDeploymentPostprocessing = 0;
		};
/* End PBXFrameworksBuildPhase section */

/* Begin PBXGroup section */
		5A5A5A5A5A5A5A5A5A5A5A5A = {
			isa = PBXGroup;
			children = (
				8FD96B7D2E6F0A9800F56AB1 /* GlassifAI */,
				8F2A14F12DDBCEB900D4E5F2 /* Frameworks */,
				7A7A7A7A7A7A7A7A7A7A7A7A /* Products */,
				E699CC962E8150670052C240 /* GlassifAITests */,
			);
			sourceTree = "<group>";
		};
		7A7A7A7A7A7A7A7A7A7A7A7A /* Products */ = {
			isa = PBXGroup;
			children = (
				3A3A3A3A3A3A3A3A3A3A3A3A /* GlassifAI.app */,
				E699CC952E8150670052C240 /* GlassifAITests.xctest */,
			);
			name = Products;
			sourceTree = "<group>";
		};
		8F2A14F12DDBCEB900D4E5F2 /* Frameworks */ = {
			isa = PBXGroup;
			children = (
				CC30CAFE0000000000000002 /* GlassifAICodex.xcframework */,
			);
			name = Frameworks;
			sourceTree = "<group>";
		};
		8FD96B702E6F0A9800F56AB1 /* ViewModels */ = {
			isa = PBXGroup;
			children = (
				8FD96B6F2E6F0A9800F56AB1 /* StreamSessionViewModel.swift */,
				9DD6CBFF2F4A000000ED7098 /* VideoDecoder.swift */,
				8F8F00772E8ACB4500A4BDAF /* WearablesViewModel.swift */,
			);
			path = ViewModels;
			sourceTree = "<group>";
		};
		8FD96B762E6F0A9800F56AB1 /* Views */ = {
			isa = PBXGroup;
			children = (
				8FD96B722E6F0A9800F56AB1 /* HomeScreenView.swift */,
				8FFD60532E849D0D0035E446 /* RegistrationView.swift */,
				8FD96B752E6F0A9800F56AB1 /* StreamSessionView.swift */,
			);
			path = Views;
			sourceTree = "<group>";
		};
		8FD96B7D2E6F0A9800F56AB1 /* GlassifAI */ = {
			isa = PBXGroup;
			children = (
				9DD894B12F4047630090B9B9 /* Settings */,
				8FD96B702E6F0A9800F56AB1 /* ViewModels */,
				8FD96B762E6F0A9800F56AB1 /* Views */,
				8FD96B772E6F0A9800F56AB1 /* Assets.xcassets */,
				8FD96B782E6F0A9800F56AB1 /* GlassifAI.entitlements */,
				8FD96B792E6F0A9800F56AB1 /* GlassifAIApp.swift */,
				8FD96B7B2E6F0A9800F56AB1 /* Info.plist */,
				9D85EB992F35EC46006C44D1 /* Runtime */,
			);
			path = GlassifAI;
			sourceTree = "<group>";
		};
		9DD894B12F4047630090B9B9 /* Settings */ = {
			isa = PBXGroup;
			children = (
				9DD894AF2F4047630090B9B9 /* CaptureSource.swift */,
				9DD894B02F4047630090B9B9 /* SettingsView.swift */,
			);
			path = Settings;
			sourceTree = "<group>";
		};
/* End PBXGroup section */

/* Begin PBXNativeTarget section */
		8A8A8A8A8A8A8A8A8A8A8A8A /* GlassifAI */ = {
			isa = PBXNativeTarget;
			buildConfigurationList = 9A9A9A9A9A9A9A9A9A9A9A9A /* Build configuration list for PBXNativeTarget "GlassifAI" */;
			buildPhases = (
				AAAAAAAAAAAAAAAAAAAAAA /* Sources */,
				4A4A4A4A4A4A4A4A4A4A4A4A /* Frameworks */,
				BBBBBBBBBBBBBBBBBBBBBB /* Resources */,
				8FD96B932E6F0C6E00F56AB1 /* Embed Frameworks */,
			);
			buildRules = (
			);
			dependencies = (
			);
			fileSystemSynchronizedGroups = (
				9D85EB992F35EC46006C44D1 /* Runtime */,
			);
			name = GlassifAI;
			productName = GlassifAI;
			productReference = 3A3A3A3A3A3A3A3A3A3A3A3A /* GlassifAI.app */;
			productType = "com.apple.product-type.application";
		};
		E699CC942E8150670052C240 /* GlassifAITests */ = {
			isa = PBXNativeTarget;
			buildConfigurationList = E699CC9D2E8150670052C240 /* Build configuration list for PBXNativeTarget "GlassifAITests" */;
			buildPhases = (
				E699CC912E8150670052C240 /* Sources */,
				DD40CAFE0000000000000003 /* Frameworks */,
				E699CC932E8150670052C240 /* Resources */,
			);
			buildRules = (
			);
			dependencies = (
				E699CC9A2E8150670052C240 /* PBXTargetDependency */,
			);
			fileSystemSynchronizedGroups = (
				E699CC962E8150670052C240 /* GlassifAITests */,
			);
			name = GlassifAITests;
			packageProductDependencies = (
				DD40CAFE0000000000000002 /* MWDATMockDevice */,
			);
			productName = GlassifAITests;
			productReference = E699CC952E8150670052C240 /* GlassifAITests.xctest */;
			productType = "com.apple.product-type.bundle.unit-test";
		};
/* End PBXNativeTarget section */

/* Begin PBXProject section */
		CCCCCCCCCCCCCCCCCCCCCC /* Project object */ = {
			isa = PBXProject;
			attributes = {
				LastSwiftUpdateCheck = 2600;
				LastUpgradeCheck = 1250;
				TargetAttributes = {
					8A8A8A8A8A8A8A8A8A8A8A8A = {
						CreatedOnToolsVersion = 12.5;
					};
					E699CC942E8150670052C240 = {
						CreatedOnToolsVersion = 26.0;
						TestTargetID = 8A8A8A8A8A8A8A8A8A8A8A8A;
					};
				};
			};
			buildConfigurationList = DDDDDDDDDDDDDDDDDDDDDD /* Build configuration list for PBXProject "GlassifAI" */;
			compatibilityVersion = "Xcode 9.3";
			developmentRegion = en;
			hasScannedForEncodings = 0;
			knownRegions = (
				en,
				Base,
			);
			mainGroup = 5A5A5A5A5A5A5A5A5A5A5A5A;
			packageReferences = (
				95F7F3332DEF0D91006D1C1A /* XCRemoteSwiftPackageReference "meta-wearables-dat-ios" */,
				BB20CAFE0000000000000003 /* XCRemoteSwiftPackageReference "webrtc-xcframework" */,
			);
			productRefGroup = 7A7A7A7A7A7A7A7A7A7A7A7A /* Products */;
			projectDirPath = "";
			projectRoot = "";
			targets = (
				8A8A8A8A8A8A8A8A8A8A8A8A /* GlassifAI */,
				E699CC942E8150670052C240 /* GlassifAITests */,
			);
		};
/* End PBXProject section */

/* Begin PBXResourcesBuildPhase section */
		BBBBBBBBBBBBBBBBBBBBBB /* Resources */ = {
			isa = PBXResourcesBuildPhase;
			buildActionMask = 2147483647;
			files = (
				8FD96B8D2E6F0A9800F56AB1 /* Assets.xcassets in Resources */,
			);
			runOnlyForDeploymentPostprocessing = 0;
		};
		E699CC932E8150670052C240 /* Resources */ = {
			isa = PBXResourcesBuildPhase;
			buildActionMask = 2147483647;
			files = (
			);
			runOnlyForDeploymentPostprocessing = 0;
		};
/* End PBXResourcesBuildPhase section */

/* Begin PBXSourcesBuildPhase section */
		AAAAAAAAAAAAAAAAAAAAAA /* Sources */ = {
			isa = PBXSourcesBuildPhase;
			buildActionMask = 2147483647;
			files = (
				8FD96B7F2E6F0A9800F56AB1 /* GlassifAIApp.swift in Sources */,
				8FD96B812E6F0A9800F56AB1 /* HomeScreenView.swift in Sources */,
				8FFD60542E849D0D0035E446 /* RegistrationView.swift in Sources */,
				8FD96B872E6F0A9800F56AB1 /* StreamSessionViewModel.swift in Sources */,
				9DD6CC002F4A000000ED7098 /* VideoDecoder.swift in Sources */,
				8FD96B882E6F0A9800F56AB1 /* StreamSessionView.swift in Sources */,
				8F8F00782E8ACB4600A4BDAF /* WearablesViewModel.swift in Sources */,
				9DD894B22F4047630090B9B9 /* CaptureSource.swift in Sources */,
				9DD894B32F4047630090B9B9 /* SettingsView.swift in Sources */,
			);
			runOnlyForDeploymentPostprocessing = 0;
		};
		E699CC912E8150670052C240 /* Sources */ = {
			isa = PBXSourcesBuildPhase;
			buildActionMask = 2147483647;
			files = (
			);
			runOnlyForDeploymentPostprocessing = 0;
		};
/* End PBXSourcesBuildPhase section */

/* Begin PBXTargetDependency section */
		E699CC9A2E8150670052C240 /* PBXTargetDependency */ = {
			isa = PBXTargetDependency;
			target = 8A8A8A8A8A8A8A8A8A8A8A8A /* GlassifAI */;
			targetProxy = E699CC992E8150670052C240 /* PBXContainerItemProxy */;
		};
/* End PBXTargetDependency section */

/* Begin XCBuildConfiguration section */
		0B0B0B0B0B0B0B0B0B0B0B0B /* Debug */ = {
			isa = XCBuildConfiguration;
			buildSettings = {
				ASSETCATALOG_COMPILER_APPICON_NAME = AppIcon;
				ASSETCATALOG_COMPILER_GENERATE_SWIFT_ASSET_SYMBOL_EXTENSIONS = YES;
				ASSETCATALOG_COMPILER_GLOBAL_ACCENT_COLOR_NAME = AccentColor;
				CODE_SIGN_ENTITLEMENTS = GlassifAI/GlassifAI.entitlements;
				CODE_SIGN_IDENTITY = "Apple Development";
				CODE_SIGN_STYLE = Automatic;
				CURRENT_PROJECT_VERSION = 2;
				DEVELOPMENT_ASSET_PATHS = "";
				ENABLE_PREVIEWS = YES;
				FRAMEWORK_SEARCH_PATHS = "";
				INFOPLIST_FILE = GlassifAI/Info.plist;
				IPHONEOS_DEPLOYMENT_TARGET = 17.2;
				LD_RUNPATH_SEARCH_PATHS = (
					"$(inherited)",
					"@executable_path/Frameworks",
				);
				MARKETING_VERSION = 1.0;
				PRODUCT_BUNDLE_IDENTIFIER = com.marcoiannello.GlassifAI;
				PRODUCT_NAME = "$(TARGET_NAME)";
				PROVISIONING_PROFILE_SPECIFIER = "";
				SWIFT_VERSION = 5.0;
				TARGETED_DEVICE_FAMILY = "1,2";
			};
			name = Debug;
		};
		0C0C0C0C0C0C0C0C0C0C0C0C /* Release */ = {
			isa = XCBuildConfiguration;
			buildSettings = {
				ASSETCATALOG_COMPILER_APPICON_NAME = AppIcon;
				ASSETCATALOG_COMPILER_GENERATE_SWIFT_ASSET_SYMBOL_EXTENSIONS = YES;
				ASSETCATALOG_COMPILER_GLOBAL_ACCENT_COLOR_NAME = AccentColor;
				CODE_SIGN_ENTITLEMENTS = GlassifAI/GlassifAI.entitlements;
				CODE_SIGN_IDENTITY = "Apple Development";
				CODE_SIGN_STYLE = Automatic;
				CURRENT_PROJECT_VERSION = 2;
				DEVELOPMENT_ASSET_PATHS = "";
				ENABLE_PREVIEWS = YES;
				INFOPLIST_FILE = GlassifAI/Info.plist;
				IPHONEOS_DEPLOYMENT_TARGET = 17.2;
				LD_RUNPATH_SEARCH_PATHS = (
					"$(inherited)",
					"@executable_path/Frameworks",
				);
				MARKETING_VERSION = 1.0;
				PRODUCT_BUNDLE_IDENTIFIER = com.marcoiannello.GlassifAI;
				PRODUCT_NAME = "$(TARGET_NAME)";
				PROVISIONING_PROFILE_SPECIFIER = "";
				SWIFT_VERSION = 5.0;
				TARGETED_DEVICE_FAMILY = "1,2";
			};
			name = Release;
		};
		E699CC9B2E8150670052C240 /* Debug */ = {
			isa = XCBuildConfiguration;
			buildSettings = {
				ASSETCATALOG_COMPILER_GENERATE_SWIFT_ASSET_SYMBOL_EXTENSIONS = YES;
				BUNDLE_LOADER = "$(TEST_HOST)";
				CLANG_CXX_LANGUAGE_STANDARD = "gnu++20";
				CODE_SIGN_STYLE = Manual;
				CURRENT_PROJECT_VERSION = 2;
				ENABLE_USER_SCRIPT_SANDBOXING = YES;
				GCC_C_LANGUAGE_STANDARD = gnu17;
				GENERATE_INFOPLIST_FILE = YES;
				IPHONEOS_DEPLOYMENT_TARGET = 17.2;
				LOCALIZATION_PREFERS_STRING_CATALOGS = YES;
				MARKETING_VERSION = 1.0;
				PRODUCT_BUNDLE_IDENTIFIER = com.marcoiannello.GlassifAITests;
				PRODUCT_NAME = "$(TARGET_NAME)";
				STRING_CATALOG_GENERATE_SYMBOLS = NO;
				SUPPORTED_PLATFORMS = "iphoneos iphonesimulator";
				SUPPORTS_MACCATALYST = NO;
				SWIFT_ACTIVE_COMPILATION_CONDITIONS = "DEBUG $(inherited)";
				SWIFT_APPROACHABLE_CONCURRENCY = YES;
				SWIFT_EMIT_LOC_STRINGS = NO;
				SWIFT_UPCOMING_FEATURE_MEMBER_IMPORT_VISIBILITY = YES;
				SWIFT_VERSION = 5.0;
				TARGETED_DEVICE_FAMILY = "1,2";
				TEST_HOST = "$(BUILT_PRODUCTS_DIR)/GlassifAI.app/$(BUNDLE_EXECUTABLE_FOLDER_PATH)/GlassifAI";
			};
			name = Debug;
		};
		E699CC9C2E8150670052C240 /* Release */ = {
			isa = XCBuildConfiguration;
			buildSettings = {
				ASSETCATALOG_COMPILER_GENERATE_SWIFT_ASSET_SYMBOL_EXTENSIONS = YES;
				BUNDLE_LOADER = "$(TEST_HOST)";
				CLANG_CXX_LANGUAGE_STANDARD = "gnu++20";
				CODE_SIGN_STYLE = Manual;
				CURRENT_PROJECT_VERSION = 2;
				ENABLE_USER_SCRIPT_SANDBOXING = YES;
				GCC_C_LANGUAGE_STANDARD = gnu17;
				GENERATE_INFOPLIST_FILE = YES;
				IPHONEOS_DEPLOYMENT_TARGET = 17.2;
				LOCALIZATION_PREFERS_STRING_CATALOGS = YES;
				MARKETING_VERSION = 1.0;
				PRODUCT_BUNDLE_IDENTIFIER = com.marcoiannello.GlassifAITests;
				PRODUCT_NAME = "$(TARGET_NAME)";
				STRING_CATALOG_GENERATE_SYMBOLS = NO;
				SUPPORTED_PLATFORMS = "iphoneos iphonesimulator";
				SUPPORTS_MACCATALYST = NO;
				SWIFT_APPROACHABLE_CONCURRENCY = YES;
				SWIFT_EMIT_LOC_STRINGS = NO;
				SWIFT_UPCOMING_FEATURE_MEMBER_IMPORT_VISIBILITY = YES;
				SWIFT_VERSION = 5.0;
				TARGETED_DEVICE_FAMILY = "1,2";
				TEST_HOST = "$(BUILT_PRODUCTS_DIR)/GlassifAI.app/$(BUNDLE_EXECUTABLE_FOLDER_PATH)/GlassifAI";
			};
			name = Release;
		};
		EEEEEEEEEEEEEEEEEEEEEE /* Debug */ = {
			isa = XCBuildConfiguration;
			buildSettings = {
				ALWAYS_SEARCH_USER_PATHS = NO;
				CLANG_ANALYZER_NONNULL = YES;
				CLANG_ANALYZER_NUMBER_OBJECT_CONVERSION = YES_AGGRESSIVE;
				CLANG_CXX_LANGUAGE_STANDARD = "gnu++14";
				CLANG_CXX_LIBRARY = "libc++";
				CLANG_ENABLE_MODULES = YES;
				CLANG_ENABLE_OBJC_ARC = YES;
				CLANG_ENABLE_OBJC_WEAK = YES;
				CLANG_WARN_BLOCK_CAPTURE_AUTORELEASING = YES;
				CLANG_WARN_BOOL_CONVERSION = YES;
				CLANG_WARN_COMMA = YES;
				CLANG_WARN_CONSTANT_CONVERSION = YES;
				CLANG_WARN_DEPRECATED_OBJC_IMPLEMENTATIONS = YES;
				CLANG_WARN_DIRECT_OBJC_ISA_USAGE = YES_ERROR;
				CLANG_WARN_DOCUMENTATION_COMMENTS = YES;
				CLANG_WARN_EMPTY_BODY = YES;
				CLANG_WARN_ENUM_CONVERSION = YES;
				CLANG_WARN_INFINITE_RECURSION = YES;
				CLANG_WARN_INT_CONVERSION = YES;
				CLANG_WARN_NON_LITERAL_NULL_CONVERSION = YES;
				CLANG_WARN_OBJC_IMPLICIT_RETAIN_SELF = YES;
				CLANG_WARN_OBJC_LITERAL_CONVERSION = YES;
				CLANG_WARN_OBJC_ROOT_CLASS = YES_ERROR;
				CLANG_WARN_QUOTED_INCLUDE_IN_FRAMEWORK_HEADER = YES;
				CLANG_WARN_RANGE_LOOP_ANALYSIS = YES;
				CLANG_WARN_STRICT_PROTOTYPES = YES;
				CLANG_WARN_SUSPICIOUS_MOVE = YES;
				CLANG_WARN_UNGUARDED_AVAILABILITY = YES_AGGRESSIVE;
				CLANG_WARN_UNREACHABLE_CODE = YES;
				CLANG_WARN__DUPLICATE_METHOD_MATCH = YES;
				COPY_PHASE_STRIP = NO;
				DEBUG_INFORMATION_FORMAT = dwarf;
				ENABLE_STRICT_OBJC_MSGSEND = YES;
				ENABLE_TESTABILITY = YES;
				GCC_C_LANGUAGE_STANDARD = gnu11;
				GCC_DYNAMIC_NO_PIC = NO;
				GCC_NO_COMMON_BLOCKS = YES;
				GCC_OPTIMIZATION_LEVEL = 0;
				GCC_PREPROCESSOR_DEFINITIONS = (
					"DEBUG=1",
					"$(inherited)",
				);
				GCC_WARN_64_TO_32_BIT_CONVERSION = YES;
				GCC_WARN_ABOUT_RETURN_TYPE = YES_ERROR;
				GCC_WARN_UNDECLARED_SELECTOR = YES;
				GCC_WARN_UNINITIALIZED_AUTOS = YES_AGGRESSIVE;
				GCC_WARN_UNUSED_FUNCTION = YES;
				GCC_WARN_UNUSED_VARIABLE = YES;
				IPHONEOS_DEPLOYMENT_TARGET = 17.2;
				MTL_ENABLE_DEBUG_INFO = INCLUDE_SOURCE;
				MTL_FAST_MATH = YES;
				ONLY_ACTIVE_ARCH = YES;
				SDKROOT = iphoneos;
				SWIFT_ACTIVE_COMPILATION_CONDITIONS = DEBUG;
				SWIFT_OPTIMIZATION_LEVEL = "-Onone";
			};
			name = Debug;
		};
		FFFFFFFFFFFFFFFFFFFFFFFF /* Release */ = {
			isa = XCBuildConfiguration;
			buildSettings = {
				ALWAYS_SEARCH_USER_PATHS = NO;
				CLANG_ANALYZER_NONNULL = YES;
				CLANG_ANALYZER_NUMBER_OBJECT_CONVERSION = YES_AGGRESSIVE;
				CLANG_CXX_LANGUAGE_STANDARD = "gnu++14";
				CLANG_CXX_LIBRARY = "libc++";
				CLANG_ENABLE_MODULES = YES;
				CLANG_ENABLE_OBJC_ARC = YES;
				CLANG_ENABLE_OBJC_WEAK = YES;
				CLANG_WARN_BLOCK_CAPTURE_AUTORELEASING = YES;
				CLANG_WARN_BOOL_CONVERSION = YES;
				CLANG_WARN_COMMA = YES;
				CLANG_WARN_CONSTANT_CONVERSION = YES;
				CLANG_WARN_DEPRECATED_OBJC_IMPLEMENTATIONS = YES;
				CLANG_WARN_DIRECT_OBJC_ISA_USAGE = YES_ERROR;
				CLANG_WARN_DOCUMENTATION_COMMENTS = YES;
				CLANG_WARN_EMPTY_BODY = YES;
				CLANG_WARN_ENUM_CONVERSION = YES;
				CLANG_WARN_INFINITE_RECURSION = YES;
				CLANG_WARN_INT_CONVERSION = YES;
				CLANG_WARN_NON_LITERAL_NULL_CONVERSION = YES;
				CLANG_WARN_OBJC_IMPLICIT_RETAIN_SELF = YES;
				CLANG_WARN_OBJC_LITERAL_CONVERSION = YES;
				CLANG_WARN_OBJC_ROOT_CLASS = YES_ERROR;
				CLANG_WARN_QUOTED_INCLUDE_IN_FRAMEWORK_HEADER = YES;
				CLANG_WARN_RANGE_LOOP_ANALYSIS = YES;
				CLANG_WARN_STRICT_PROTOTYPES = YES;
				CLANG_WARN_SUSPICIOUS_MOVE = YES;
				CLANG_WARN_UNGUARDED_AVAILABILITY = YES_AGGRESSIVE;
				CLANG_WARN_UNREACHABLE_CODE = YES;
				CLANG_WARN__DUPLICATE_METHOD_MATCH = YES;
				COPY_PHASE_STRIP = NO;
				DEBUG_INFORMATION_FORMAT = "dwarf-with-dsym";
				ENABLE_NS_ASSERTIONS = NO;
				ENABLE_STRICT_OBJC_MSGSEND = YES;
				GCC_C_LANGUAGE_STANDARD = gnu11;
				GCC_NO_COMMON_BLOCKS = YES;
				GCC_WARN_64_TO_32_BIT_CONVERSION = YES;
				GCC_WARN_ABOUT_RETURN_TYPE = YES_ERROR;
				GCC_WARN_UNDECLARED_SELECTOR = YES;
				GCC_WARN_UNINITIALIZED_AUTOS = YES_AGGRESSIVE;
				GCC_WARN_UNUSED_FUNCTION = YES;
				GCC_WARN_UNUSED_VARIABLE = YES;
				IPHONEOS_DEPLOYMENT_TARGET = 14.5;
				MTL_ENABLE_DEBUG_INFO = NO;
				MTL_FAST_MATH = YES;
				SDKROOT = iphoneos;
				SWIFT_COMPILATION_MODE = wholemodule;
				SWIFT_OPTIMIZATION_LEVEL = "-O";
				VALIDATE_PRODUCT = YES;
			};
			name = Release;
		};
/* End XCBuildConfiguration section */

/* Begin XCConfigurationList section */
		9A9A9A9A9A9A9A9A9A9A9A9A /* Build configuration list for PBXNativeTarget "GlassifAI" */ = {
			isa = XCConfigurationList;
			buildConfigurations = (
				0B0B0B0B0B0B0B0B0B0B0B0B /* Debug */,
				0C0C0C0C0C0C0C0C0C0C0C0C /* Release */,
			);
			defaultConfigurationIsVisible = 0;
			defaultConfigurationName = Release;
		};
		DDDDDDDDDDDDDDDDDDDDDD /* Build configuration list for PBXProject "GlassifAI" */ = {
			isa = XCConfigurationList;
			buildConfigurations = (
				EEEEEEEEEEEEEEEEEEEEEE /* Debug */,
				FFFFFFFFFFFFFFFFFFFFFFFF /* Release */,
			);
			defaultConfigurationIsVisible = 0;
			defaultConfigurationName = Release;
		};
		E699CC9D2E8150670052C240 /* Build configuration list for PBXNativeTarget "GlassifAITests" */ = {
			isa = XCConfigurationList;
			buildConfigurations = (
				E699CC9B2E8150670052C240 /* Debug */,
				E699CC9C2E8150670052C240 /* Release */,
			);
			defaultConfigurationIsVisible = 0;
			defaultConfigurationName = Release;
		};
/* End XCConfigurationList section */

/* Begin XCRemoteSwiftPackageReference section */
		95F7F3332DEF0D91006D1C1A /* XCRemoteSwiftPackageReference "meta-wearables-dat-ios" */ = {
			isa = XCRemoteSwiftPackageReference;
			repositoryURL = "https://github.com/facebook/meta-wearables-dat-ios";
			requirement = {
				kind = exactVersion;
				version = 1.0.0;
			};
		};
		BB20CAFE0000000000000003 /* XCRemoteSwiftPackageReference "webrtc-xcframework" */ = {
			isa = XCRemoteSwiftPackageReference;
			repositoryURL = "https://github.com/livekit/webrtc-xcframework.git";
			requirement = {
				kind = exactVersion;
				version = 144.7559.11;
			};
		};
/* End XCRemoteSwiftPackageReference section */

/* Begin XCSwiftPackageProductDependency section */
		8FD96B942E6F0F7D00F56AB1 /* MWDATCore */ = {
			isa = XCSwiftPackageProductDependency;
			package = 95F7F3332DEF0D91006D1C1A /* XCRemoteSwiftPackageReference "meta-wearables-dat-ios" */;
			productName = MWDATCore;
		};
		8FD96B942E6F0F7D00F56AB2 /* MWDATCamera */ = {
			isa = XCSwiftPackageProductDependency;
			package = 95F7F3332DEF0D91006D1C1A /* XCRemoteSwiftPackageReference "meta-wearables-dat-ios" */;
			productName = MWDATCamera;
		};
		DD40CAFE0000000000000002 /* MWDATMockDevice */ = {
			isa = XCSwiftPackageProductDependency;
			package = 95F7F3332DEF0D91006D1C1A /* XCRemoteSwiftPackageReference "meta-wearables-dat-ios" */;
			productName = MWDATMockDevice;
		};
		BB20CAFE0000000000000002 /* LiveKitWebRTC */ = {
			isa = XCSwiftPackageProductDependency;
			package = BB20CAFE0000000000000003 /* XCRemoteSwiftPackageReference "webrtc-xcframework" */;
			productName = LiveKitWebRTC;
		};
/* End XCSwiftPackageProductDependency section */
	};
	rootObject = CCCCCCCCCCCCCCCCCCCCCC /* Project object */;
}
